// !$*UTF8*$!
{
	archiveVersion = 1;
	classes = {
	};
	objectVersion = 46;
	objects = {

/* Begin PBXBuildFile section */
		35BB69760D7E4DB189F01941 /* libPods-SRGAppVerWatcherTests.a in Frameworks */ = {isa = PBXBuildFile; fileRef = D021F49F1F6D4260B6E95B94 /* libPods-SRGAppVerWatcherTests.a */; };
		B3399B6C20514D0490B4481D /* libPods.a in Frameworks */ = {isa = PBXBuildFile; fileRef = 6819C95A75974180BE0A7424 /* libPods.a */; };
		CC70436C19254BF700180E2E /* Foundation.framework in Frameworks */ = {isa = PBXBuildFile; fileRef = CC70436B19254BF700180E2E /* Foundation.framework */; };
		CC70436E19254BF700180E2E /* CoreGraphics.framework in Frameworks */ = {isa = PBXBuildFile; fileRef = CC70436D19254BF700180E2E /* CoreGraphics.framework */; };
		CC70437019254BF700180E2E /* UIKit.framework in Frameworks */ = {isa = PBXBuildFile; fileRef = CC70436F19254BF700180E2E /* UIKit.framework */; };
		CC70438B19254BF700180E2E /* XCTest.framework in Frameworks */ = {isa = PBXBuildFile; fileRef = CC70438A19254BF700180E2E /* XCTest.framework */; };
		CC70438C19254BF700180E2E /* Foundation.framework in Frameworks */ = {isa = PBXBuildFile; fileRef = CC70436B19254BF700180E2E /* Foundation.framework */; };
		CC70438D19254BF700180E2E /* UIKit.framework in Frameworks */ = {isa = PBXBuildFile; fileRef = CC70436F19254BF700180E2E /* UIKit.framework */; };
		CC70439519254BF700180E2E /* InfoPlist.strings in Resources */ = {isa = PBXBuildFile; fileRef = CC70439319254BF700180E2E /* InfoPlist.strings */; };
		CC70439719254BF700180E2E /* SRGAppVerWatcherTests.m in Sources */ = {isa = PBXBuildFile; fileRef = CC70439619254BF700180E2E /* SRGAppVerWatcherTests.m */; };
		CCBF8C2219254E4B00CF012D /* AppDelegate.m in Sources */ = {isa = PBXBuildFile; fileRef = CCBF8C1719254E4B00CF012D /* AppDelegate.m */; };
		CCBF8C2319254E4B00CF012D /* Main.storyboard in Resources */ = {isa = PBXBuildFile; fileRef = CCBF8C1819254E4B00CF012D /* Main.storyboard */; };
		CCBF8C2419254E4B00CF012D /* InfoPlist.strings in Resources */ = {isa = PBXBuildFile; fileRef = CCBF8C1A19254E4B00CF012D /* InfoPlist.strings */; };
		CCBF8C2519254E4B00CF012D /* Images.xcassets in Resources */ = {isa = PBXBuildFile; fileRef = CCBF8C1C19254E4B00CF012D /* Images.xcassets */; };
		CCBF8C2619254E4B00CF012D /* main.m in Sources */ = {isa = PBXBuildFile; fileRef = CCBF8C1D19254E4B00CF012D /* main.m */; };
		CCBF8C2719254E4B00CF012D /* SRGAppVerWatcher-Info.plist in Resources */ = {isa = PBXBuildFile; fileRef = CCBF8C1E19254E4B00CF012D /* SRGAppVerWatcher-Info.plist */; };
		CCBF8C2819254E4B00CF012D /* ViewController.m in Sources */ = {isa = PBXBuildFile; fileRef = CCBF8C2119254E4B00CF012D /* ViewController.m */; };
		CCBF8C4D1927B72800CF012D /* SRGAppVerWatcher.m in Sources */ = {isa = PBXBuildFile; fileRef = CCBF8C481927B72800CF012D /* SRGAppVerWatcher.m */; };
		CCBF8C4E1927B72800CF012D /* SRGVersionHistory.m in Sources */ = {isa = PBXBuildFile; fileRef = CCBF8C4A1927B72800CF012D /* SRGVersionHistory.m */; };
		CCBF8C4F1927B72800CF012D /* SRGVersionRecord.m in Sources */ = {isa = PBXBuildFile; fileRef = CCBF8C4C1927B72800CF012D /* SRGVersionRecord.m */; };
/* End PBXBuildFile section */

/* Begin PBXContainerItemProxy section */
		CC70438E19254BF700180E2E /* PBXContainerItemProxy */ = {
			isa = PBXContainerItemProxy;
			containerPortal = CC70436019254BF700180E2E /* Project object */;
			proxyType = 1;
			remoteGlobalIDString = CC70436719254BF700180E2E;
			remoteInfo = SRGAppVerWatcher;
		};
/* End PBXContainerItemProxy section */

/* Begin PBXFileReference section */
		6819C95A75974180BE0A7424 /* libPods.a */ = {isa = PBXFileReference; explicitFileType = archive.ar; includeInIndex = 0; path = libPods.a; sourceTree = BUILT_PRODUCTS_DIR; };
		ACA3A4AA96534DE5AD4969D7 /* Pods-SRGAppVerWatcherTests.xcconfig */ = {isa = PBXFileReference; includeInIndex = 1; lastKnownFileType = text.xcconfig; name = "Pods-SRGAppVerWatcherTests.xcconfig"; path = "Pods/Pods-SRGAppVerWatcherTests.xcconfig"; sourceTree = "<group>"; };
		B781AEE0259D4197810B9F34 /* Pods.xcconfig */ = {isa = PBXFileReference; includeInIndex = 1; lastKnownFileType = text.xcconfig; name = Pods.xcconfig; path = Pods/Pods.xcconfig; sourceTree = "<group>"; };
		CC70436819254BF700180E2E /* SRGAppVerWatcher.app */ = {isa = PBXFileReference; explicitFileType = wrapper.application; includeInIndex = 0; path = SRGAppVerWatcher.app; sourceTree = BUILT_PRODUCTS_DIR; };
		CC70436B19254BF700180E2E /* Foundation.framework */ = {isa = PBXFileReference; lastKnownFileType = wrapper.framework; name = Foundation.framework; path = System/Library/Frameworks/Foundation.framework; sourceTree = SDKROOT; };
		CC70436D19254BF700180E2E /* CoreGraphics.framework */ = {isa = PBXFileReference; lastKnownFileType = wrapper.framework; name = CoreGraphics.framework; path = System/Library/Frameworks/CoreGraphics.framework; sourceTree = SDKROOT; };
		CC70436F19254BF700180E2E /* UIKit.framework */ = {isa = PBXFileReference; lastKnownFileType = wrapper.framework; name = UIKit.framework; path = System/Library/Frameworks/UIKit.framework; sourceTree = SDKROOT; };
		CC70438919254BF700180E2E /* SRGAppVerWatcherTests.xctest */ = {isa = PBXFileReference; explicitFileType = wrapper.cfbundle; includeInIndex = 0; path = SRGAppVerWatcherTests.xctest; sourceTree = BUILT_PRODUCTS_DIR; };
		CC70438A19254BF700180E2E /* XCTest.framework */ = {isa = PBXFileReference; lastKnownFileType = wrapper.framework; name = XCTest.framework; path = Library/Frameworks/XCTest.framework; sourceTree = DEVELOPER_DIR; };
		CC70439219254BF700180E2E /* SRGAppVerWatcherTests-Info.plist */ = {isa = PBXFileReference; lastKnownFileType = text.plist.xml; path = "SRGAppVerWatcherTests-Info.plist"; sourceTree = "<group>"; };
		CC70439419254BF700180E2E /* en */ = {isa = PBXFileReference; lastKnownFileType = text.plist.strings; name = en; path = en.lproj/InfoPlist.strings; sourceTree = "<group>"; };
		CC70439619254BF700180E2E /* SRGAppVerWatcherTests.m */ = {isa = PBXFileReference; lastKnownFileType = sourcecode.c.objc; path = SRGAppVerWatcherTests.m; sourceTree = "<group>"; };
		CCBF8C1619254E4B00CF012D /* AppDelegate.h */ = {isa = PBXFileReference; fileEncoding = 4; lastKnownFileType = sourcecode.c.h; path = AppDelegate.h; sourceTree = "<group>"; };
		CCBF8C1719254E4B00CF012D /* AppDelegate.m */ = {isa = PBXFileReference; fileEncoding = 4; lastKnownFileType = sourcecode.c.objc; path = AppDelegate.m; sourceTree = "<group>"; };
		CCBF8C1919254E4B00CF012D /* Base */ = {isa = PBXFileReference; lastKnownFileType = file.storyboard; name = Base; path = Base.lproj/Main.storyboard; sourceTree = "<group>"; };
		CCBF8C1B19254E4B00CF012D /* en */ = {isa = PBXFileReference; lastKnownFileType = text.plist.strings; name = en; path = en.lproj/InfoPlist.strings; sourceTree = "<group>"; };
		CCBF8C1C19254E4B00CF012D /* Images.xcassets */ = {isa = PBXFileReference; lastKnownFileType = folder.assetcatalog; path = Images.xcassets; sourceTree = "<group>"; };
		CCBF8C1D19254E4B00CF012D /* main.m */ = {isa = PBXFileReference; fileEncoding = 4; lastKnownFileType = sourcecode.c.objc; path = main.m; sourceTree = "<group>"; };
		CCBF8C1E19254E4B00CF012D /* SRGAppVerWatcher-Info.plist */ = {isa = PBXFileReference; fileEncoding = 4; lastKnownFileType = text.plist.xml; path = "SRGAppVerWatcher-Info.plist"; sourceTree = "<group>"; };
		CCBF8C1F19254E4B00CF012D /* SRGAppVerWatcher-Prefix.pch */ = {isa = PBXFileReference; fileEncoding = 4; lastKnownFileType = sourcecode.c.h; path = "SRGAppVerWatcher-Prefix.pch"; sourceTree = "<group>"; };
		CCBF8C2019254E4B00CF012D /* ViewController.h */ = {isa = PBXFileReference; fileEncoding = 4; lastKnownFileType = sourcecode.c.h; path = ViewController.h; sourceTree = "<group>"; };
		CCBF8C2119254E4B00CF012D /* ViewController.m */ = {isa = PBXFileReference; fileEncoding = 4; lastKnownFileType = sourcecode.c.objc; path = ViewController.m; sourceTree = "<group>"; };
		CCBF8C471927B72800CF012D /* SRGAppVerWatcher.h */ = {isa = PBXFileReference; fileEncoding = 4; lastKnownFileType = sourcecode.c.h; path = SRGAppVerWatcher.h; sourceTree = "<group>"; };
		CCBF8C481927B72800CF012D /* SRGAppVerWatcher.m */ = {isa = PBXFileReference; fileEncoding = 4; lastKnownFileType = sourcecode.c.objc; path = SRGAppVerWatcher.m; sourceTree = "<group>"; };
		CCBF8C491927B72800CF012D /* SRGVersionHistory.h */ = {isa = PBXFileReference; fileEncoding = 4; lastKnownFileType = sourcecode.c.h; path = SRGVersionHistory.h; sourceTree = "<group>"; };
		CCBF8C4A1927B72800CF012D /* SRGVersionHistory.m */ = {isa = PBXFileReference; fileEncoding = 4; lastKnownFileType = sourcecode.c.objc; path = SRGVersionHistory.m; sourceTree = "<group>"; };
		CCBF8C4B1927B72800CF012D /* SRGVersionRecord.h */ = {isa = PBXFileReference; fileEncoding = 4; lastKnownFileType = sourcecode.c.h; path = SRGVersionRecord.h; sourceTree = "<group>"; };
		CCBF8C4C1927B72800CF012D /* SRGVersionRecord.m */ = {isa = PBXFileReference; fileEncoding = 4; lastKnownFileType = sourcecode.c.objc; path = SRGVersionRecord.m; sourceTree = "<group>"; };
		D021F49F1F6D4260B6E95B94 /* libPods-SRGAppVerWatcherTests.a */ = {isa = PBXFileReference; explicitFileType = archive.ar; includeInIndex = 0; path = "libPods-SRGAppVerWatcherTests.a"; sourceTree = BUILT_PRODUCTS_DIR; };
/* End PBXFileReference section */

/* Begin PBXFrameworksBuildPhase section */
		CC70436519254BF700180E2E /* Frameworks */ = {
			isa = PBXFrameworksBuildPhase;
			buildActionMask = 2147483647;
			files = (
				CC70436E19254BF700180E2E /* CoreGraphics.framework in Frameworks */,
				CC70437019254BF700180E2E /* UIKit.framework in Frameworks */,
				CC70436C19254BF700180E2E /* Foundation.framework in Frameworks */,
				B3399B6C20514D0490B4481D /* libPods.a in Frameworks */,
			);
			runOnlyForDeploymentPostprocessing = 0;
		};
		CC70438619254BF700180E2E /* Frameworks */ = {
			isa = PBXFrameworksBuildPhase;
			buildActionMask = 2147483647;
			files = (
				CC70438B19254BF700180E2E /* XCTest.framework in Frameworks */,
				CC70438D19254BF700180E2E /* UIKit.framework in Frameworks */,
				CC70438C19254BF700180E2E /* Foundation.framework in Frameworks */,
				35BB69760D7E4DB189F01941 /* libPods-SRGAppVerWatcherTests.a in Frameworks */,
			);
			runOnlyForDeploymentPostprocessing = 0;
		};
/* End PBXFrameworksBuildPhase section */

/* Begin PBXGroup section */
		CC70435F19254BF700180E2E = {
			isa = PBXGroup;
			children = (
				CCBF8C461927B72700CF012D /* Classes */,
				CCBF8C1519254E4A00CF012D /* SRGAppVerWatcher */,
				CC70439019254BF700180E2E /* SRGAppVerWatcherTests */,
				CC70436A19254BF700180E2E /* Frameworks */,
				CC70436919254BF700180E2E /* Products */,
				B781AEE0259D4197810B9F34 /* Pods.xcconfig */,
				ACA3A4AA96534DE5AD4969D7 /* Pods-SRGAppVerWatcherTests.xcconfig */,
			);
			sourceTree = "<group>";
		};
		CC70436919254BF700180E2E /* Products */ = {
			isa = PBXGroup;
			children = (
				CC70436819254BF700180E2E /* SRGAppVerWatcher.app */,
				CC70438919254BF700180E2E /* SRGAppVerWatcherTests.xctest */,
			);
			name = Products;
			sourceTree = "<group>";
		};
		CC70436A19254BF700180E2E /* Frameworks */ = {
			isa = PBXGroup;
			children = (
				CC70436B19254BF700180E2E /* Foundation.framework */,
				CC70436D19254BF700180E2E /* CoreGraphics.framework */,
				CC70436F19254BF700180E2E /* UIKit.framework */,
				CC70438A19254BF700180E2E /* XCTest.framework */,
				6819C95A75974180BE0A7424 /* libPods.a */,
				D021F49F1F6D4260B6E95B94 /* libPods-SRGAppVerWatcherTests.a */,
			);
			name = Frameworks;
			sourceTree = "<group>";
		};
		CC70439019254BF700180E2E /* SRGAppVerWatcherTests */ = {
			isa = PBXGroup;
			children = (
				CC70439619254BF700180E2E /* SRGAppVerWatcherTests.m */,
				CC70439119254BF700180E2E /* Supporting Files */,
			);
			path = SRGAppVerWatcherTests;
			sourceTree = "<group>";
		};
		CC70439119254BF700180E2E /* Supporting Files */ = {
			isa = PBXGroup;
			children = (
				CC70439219254BF700180E2E /* SRGAppVerWatcherTests-Info.plist */,
				CC70439319254BF700180E2E /* InfoPlist.strings */,
			);
			name = "Supporting Files";
			sourceTree = "<group>";
		};
		CCBF8C1519254E4A00CF012D /* SRGAppVerWatcher */ = {
			isa = PBXGroup;
			children = (
				CCBF8C1619254E4B00CF012D /* AppDelegate.h */,
				CCBF8C1719254E4B00CF012D /* AppDelegate.m */,
				CCBF8C1819254E4B00CF012D /* Main.storyboard */,
				CCBF8C1A19254E4B00CF012D /* InfoPlist.strings */,
				CCBF8C1C19254E4B00CF012D /* Images.xcassets */,
				CCBF8C1D19254E4B00CF012D /* main.m */,
				CCBF8C1E19254E4B00CF012D /* SRGAppVerWatcher-Info.plist */,
				CCBF8C1F19254E4B00CF012D /* SRGAppVerWatcher-Prefix.pch */,
				CCBF8C2019254E4B00CF012D /* ViewController.h */,
				CCBF8C2119254E4B00CF012D /* ViewController.m */,
			);
			path = SRGAppVerWatcher;
			sourceTree = "<group>";
		};
		CCBF8C461927B72700CF012D /* Classes */ = {
			isa = PBXGroup;
			children = (
				CCBF8C471927B72800CF012D /* SRGAppVerWatcher.h */,
				CCBF8C481927B72800CF012D /* SRGAppVerWatcher.m */,
				CCBF8C491927B72800CF012D /* SRGVersionHistory.h */,
				CCBF8C4A1927B72800CF012D /* SRGVersionHistory.m */,
				CCBF8C4B1927B72800CF012D /* SRGVersionRecord.h */,
				CCBF8C4C1927B72800CF012D /* SRGVersionRecord.m */,
			);
			path = Classes;
			sourceTree = "<group>";
		};
/* End PBXGroup section */

/* Begin PBXNativeTarget section */
		CC70436719254BF700180E2E /* SRGAppVerWatcher */ = {
			isa = PBXNativeTarget;
			buildConfigurationList = CC70439A19254BF800180E2E /* Build configuration list for PBXNativeTarget "SRGAppVerWatcher" */;
			buildPhases = (
				C1F6643DC43B4303A246750B /* Check Pods Manifest.lock */,
				CC70436419254BF700180E2E /* Sources */,
				CC70436519254BF700180E2E /* Frameworks */,
				CC70436619254BF700180E2E /* Resources */,
				558CBCE78B92485E90425206 /* Copy Pods Resources */,
			);
			buildRules = (
			);
			dependencies = (
			);
			name = SRGAppVerWatcher;
			productName = SRGAppVerWatcher;
			productReference = CC70436819254BF700180E2E /* SRGAppVerWatcher.app */;
			productType = "com.apple.product-type.application";
		};
		CC70438819254BF700180E2E /* SRGAppVerWatcherTests */ = {
			isa = PBXNativeTarget;
			buildConfigurationList = CC70439D19254BF800180E2E /* Build configuration list for PBXNativeTarget "SRGAppVerWatcherTests" */;
			buildPhases = (
				C569FD4819D944B3AB1A4199 /* Check Pods Manifest.lock */,
				CC70438519254BF700180E2E /* Sources */,
				CC70438619254BF700180E2E /* Frameworks */,
				CC70438719254BF700180E2E /* Resources */,
				1E187BE4CBBF42809156A33C /* Copy Pods Resources */,
			);
			buildRules = (
			);
			dependencies = (
				CC70438F19254BF700180E2E /* PBXTargetDependency */,
			);
			name = SRGAppVerWatcherTests;
			productName = SRGAppVerWatcherTests;
			productReference = CC70438919254BF700180E2E /* SRGAppVerWatcherTests.xctest */;
			productType = "com.apple.product-type.bundle.unit-test";
		};
/* End PBXNativeTarget section */

/* Begin PBXProject section */
		CC70436019254BF700180E2E /* Project object */ = {
			isa = PBXProject;
			attributes = {
				LastUpgradeCheck = 0510;
				ORGANIZATIONNAME = soragoto;
				TargetAttributes = {
					CC70438819254BF700180E2E = {
						TestTargetID = CC70436719254BF700180E2E;
					};
				};
			};
			buildConfigurationList = CC70436319254BF700180E2E /* Build configuration list for PBXProject "SRGAppVerWatcher" */;
			compatibilityVersion = "Xcode 3.2";
			developmentRegion = English;
			hasScannedForEncodings = 0;
			knownRegions = (
				en,
				Base,
			);
			mainGroup = CC70435F19254BF700180E2E;
			productRefGroup = CC70436919254BF700180E2E /* Products */;
			projectDirPath = "";
			projectRoot = "";
			targets = (
				CC70436719254BF700180E2E /* SRGAppVerWatcher */,
				CC70438819254BF700180E2E /* SRGAppVerWatcherTests */,
			);
		};
/* End PBXProject section */

/* Begin PBXResourcesBuildPhase section */
		CC70436619254BF700180E2E /* Resources */ = {
			isa = PBXResourcesBuildPhase;
			buildActionMask = 2147483647;
			files = (
				CCBF8C2519254E4B00CF012D /* Images.xcassets in Resources */,
				CCBF8C2319254E4B00CF012D /* Main.storyboard in Resources */,
				CCBF8C2719254E4B00CF012D /* SRGAppVerWatcher-Info.plist in Resources */,
				CCBF8C2419254E4B00CF012D /* InfoPlist.strings in Resources */,
			);
			runOnlyForDeploymentPostprocessing = 0;
		};
		CC70438719254BF700180E2E /* Resources */ = {
			isa = PBXResourcesBuildPhase;
			buildActionMask = 2147483647;
			files = (
				CC70439519254BF700180E2E /* InfoPlist.strings in Resources */,
			);
			runOnlyForDeploymentPostprocessing = 0;
		};
/* End PBXResourcesBuildPhase section */

/* Begin PBXShellScriptBuildPhase section */
		1E187BE4CBBF42809156A33C /* Copy Pods Resources */ = {
			isa = PBXShellScriptBuildPhase;
			buildActionMask = 2147483647;
			files = (
			);
			inputPaths = (
			);
			name = "Copy Pods Resources";
			outputPaths = (
			);
			runOnlyForDeploymentPostprocessing = 0;
			shellPath = /bin/sh;
			shellScript = "\"${SRCROOT}/Pods/Pods-SRGAppVerWatcherTests-resources.sh\"\n";
			showEnvVarsInLog = 0;
		};
		558CBCE78B92485E90425206 /* Copy Pods Resources */ = {
			isa = PBXShellScriptBuildPhase;
			buildActionMask = 2147483647;
			files = (
			);
			inputPaths = (
			);
			name = "Copy Pods Resources";
			outputPaths = (
			);
			runOnlyForDeploymentPostprocessing = 0;
			shellPath = /bin/sh;
			shellScript = "\"${SRCROOT}/Pods/Pods-resources.sh\"\n";
			showEnvVarsInLog = 0;
		};
		C1F6643DC43B4303A246750B /* Check Pods Manifest.lock */ = {
			isa = PBXShellScriptBuildPhase;
			buildActionMask = 2147483647;
			files = (
			);
			inputPaths = (
			);
			name = "Check Pods Manifest.lock";
			outputPaths = (
			);
			runOnlyForDeploymentPostprocessing = 0;
			shellPath = /bin/sh;
			shellScript = "diff \"${PODS_ROOT}/../Podfile.lock\" \"${PODS_ROOT}/Manifest.lock\" > /dev/null\nif [[ $? != 0 ]] ; then\n    cat << EOM\nerror: The sandbox is not in sync with the Podfile.lock. Run 'pod install' or update your CocoaPods installation.\nEOM\n    exit 1\nfi\n";
			showEnvVarsInLog = 0;
		};
		C569FD4819D944B3AB1A4199 /* Check Pods Manifest.lock */ = {
			isa = PBXShellScriptBuildPhase;
			buildActionMask = 2147483647;
			files = (
			);
			inputPaths = (
			);
			name = "Check Pods Manifest.lock";
			outputPaths = (
			);
			runOnlyForDeploymentPostprocessing = 0;
			shellPath = /bin/sh;
			shellScript = "diff \"${PODS_ROOT}/../Podfile.lock\" \"${PODS_ROOT}/Manifest.lock\" > /dev/null\nif [[ $? != 0 ]] ; then\n    cat << EOM\nerror: The sandbox is not in sync with the Podfile.lock. Run 'pod install' or update your CocoaPods installation.\nEOM\n    exit 1\nfi\n";
			showEnvVarsInLog = 0;
		};
/* End PBXShellScriptBuildPhase section */

/* Begin PBXSourcesBuildPhase section */
		CC70436419254BF700180E2E /* Sources */ = {
			isa = PBXSourcesBuildPhase;
			buildActionMask = 2147483647;
			files = (
				CCBF8C4F1927B72800CF012D /* SRGVersionRecord.m in Sources */,
				CCBF8C2819254E4B00CF012D /* ViewController.m in Sources */,
				CCBF8C4D1927B72800CF012D /* SRGAppVerWatcher.m in Sources */,
				CCBF8C2619254E4B00CF012D /* main.m in Sources */,
				CCBF8C2219254E4B00CF012D /* AppDelegate.m in Sources */,
				CCBF8C4E1927B72800CF012D /* SRGVersionHistory.m in Sources */,
			);
			runOnlyForDeploymentPostprocessing = 0;
		};
		CC70438519254BF700180E2E /* Sources */ = {
			isa = PBXSourcesBuildPhase;
			buildActionMask = 2147483647;
			files = (
				CC70439719254BF700180E2E /* SRGAppVerWatcherTests.m in Sources */,
			);
			runOnlyForDeploymentPostprocessing = 0;
		};
/* End PBXSourcesBuildPhase section */

/* Begin PBXTargetDependency section */
		CC70438F19254BF700180E2E /* PBXTargetDependency */ = {
			isa = PBXTargetDependency;
			target = CC70436719254BF700180E2E /* SRGAppVerWatcher */;
			targetProxy = CC70438E19254BF700180E2E /* PBXContainerItemProxy */;
		};
/* End PBXTargetDependency section */

/* Begin PBXVariantGroup section */
		CC70439319254BF700180E2E /* InfoPlist.strings */ = {
			isa = PBXVariantGroup;
			children = (
				CC70439419254BF700180E2E /* en */,
			);
			name = InfoPlist.strings;
			sourceTree = "<group>";
		};
		CCBF8C1819254E4B00CF012D /* Main.storyboard */ = {
			isa = PBXVariantGroup;
			children = (
				CCBF8C1919254E4B00CF012D /* Base */,
			);
			name = Main.storyboard;
			sourceTree = "<group>";
		};
		CCBF8C1A19254E4B00CF012D /* InfoPlist.strings */ = {
			isa = PBXVariantGroup;
			children = (
				CCBF8C1B19254E4B00CF012D /* en */,
			);
			name = InfoPlist.strings;
			sourceTree = "<group>";
		};
/* End PBXVariantGroup section */

/* Begin XCBuildConfiguration section */
		CC70439819254BF800180E2E /* Debug */ = {
			isa = XCBuildConfiguration;
			buildSettings = {
				ALWAYS_SEARCH_USER_PATHS = NO;
				CLANG_CXX_LANGUAGE_STANDARD = "gnu++0x";
				CLANG_CXX_LIBRARY = "libc++";
				CLANG_ENABLE_MODULES = YES;
				CLANG_ENABLE_OBJC_ARC = YES;
				CLANG_WARN_BOOL_CONVERSION = YES;
				CLANG_WARN_CONSTANT_CONVERSION = YES;
				CLANG_WARN_DIRECT_OBJC_ISA_USAGE = YES_ERROR;
				CLANG_WARN_EMPTY_BODY = YES;
				CLANG_WARN_ENUM_CONVERSION = YES;
				CLANG_WARN_INT_CONVERSION = YES;
				CLANG_WARN_OBJC_ROOT_CLASS = YES_ERROR;
				CLANG_WARN__DUPLICATE_METHOD_MATCH = YES;
				"CODE_SIGN_IDENTITY[sdk=iphoneos*]" = "iPhone Developer";
				COPY_PHASE_STRIP = NO;
				GCC_C_LANGUAGE_STANDARD = gnu99;
				GCC_DYNAMIC_NO_PIC = NO;
				GCC_OPTIMIZATION_LEVEL = 0;
				GCC_PREPROCESSOR_DEFINITIONS = (
					"DEBUG=1",
					"$(inherited)",
				);
				GCC_SYMBOLS_PRIVATE_EXTERN = NO;
				GCC_WARN_64_TO_32_BIT_CONVERSION = YES;
				GCC_WARN_ABOUT_RETURN_TYPE = YES_ERROR;
				GCC_WARN_UNDECLARED_SELECTOR = YES;
				GCC_WARN_UNINITIALIZED_AUTOS = YES_AGGRESSIVE;
				GCC_WARN_UNUSED_FUNCTION = YES;
				GCC_WARN_UNUSED_VARIABLE = YES;
				IPHONEOS_DEPLOYMENT_TARGET = 7.1;
				ONLY_ACTIVE_ARCH = YES;
				SDKROOT = iphoneos;
			};
			name = Debug;
		};
		CC70439919254BF800180E2E /* Release */ = {
			isa = XCBuildConfiguration;
			buildSettings = {
				ALWAYS_SEARCH_USER_PATHS = NO;
				CLANG_CXX_LANGUAGE_STANDARD = "gnu++0x";
				CLANG_CXX_LIBRARY = "libc++";
				CLANG_ENABLE_MODULES = YES;
				CLANG_ENABLE_OBJC_ARC = YES;
				CLANG_WARN_BOOL_CONVERSION = YES;
				CLANG_WARN_CONSTANT_CONVERSION = YES;
				CLANG_WARN_DIRECT_OBJC_ISA_USAGE = YES_ERROR;
				CLANG_WARN_EMPTY_BODY = YES;
				CLANG_WARN_ENUM_CONVERSION = YES;
				CLANG_WARN_INT_CONVERSION = YES;
				CLANG_WARN_OBJC_ROOT_CLASS = YES_ERROR;
				CLANG_WARN__DUPLICATE_METHOD_MATCH = YES;
				"CODE_SIGN_IDENTITY[sdk=iphoneos*]" = "iPhone Developer";
				COPY_PHASE_STRIP = YES;
				ENABLE_NS_ASSERTIONS = NO;
				GCC_C_LANGUAGE_STANDARD = gnu99;
				GCC_WARN_64_TO_32_BIT_CONVERSION = YES;
				GCC_WARN_ABOUT_RETURN_TYPE = YES_ERROR;
				GCC_WARN_UNDECLARED_SELECTOR = YES;
				GCC_WARN_UNINITIALIZED_AUTOS = YES_AGGRESSIVE;
				GCC_WARN_UNUSED_FUNCTION = YES;
				GCC_WARN_UNUSED_VARIABLE = YES;
				IPHONEOS_DEPLOYMENT_TARGET = 7.1;
				SDKROOT = iphoneos;
				VALIDATE_PRODUCT = YES;
			};
			name = Release;
		};
		CC70439B19254BF800180E2E /* Debug */ = {
			isa = XCBuildConfiguration;
			baseConfigurationReference = B781AEE0259D4197810B9F34 /* Pods.xcconfig */;
			buildSettings = {
				ASSETCATALOG_COMPILER_APPICON_NAME = AppIcon;
				ASSETCATALOG_COMPILER_LAUNCHIMAGE_NAME = LaunchImage;
				GCC_PRECOMPILE_PREFIX_HEADER = YES;
				GCC_PREFIX_HEADER = "SRGAppVerWatcher/SRGAppVerWatcher-Prefix.pch";
				INFOPLIST_FILE = "SRGAppVerWatcher/SRGAppVerWatcher-Info.plist";
				PRODUCT_NAME = "$(TARGET_NAME)";
				WRAPPER_EXTENSION = app;
			};
			name = Debug;
		};
		CC70439C19254BF800180E2E /* Release */ = {
			isa = XCBuildConfiguration;
			baseConfigurationReference = B781AEE0259D4197810B9F34 /* Pods.xcconfig */;
			buildSettings = {
				ASSETCATALOG_COMPILER_APPICON_NAME = AppIcon;
				ASSETCATALOG_COMPILER_LAUNCHIMAGE_NAME = LaunchImage;
				GCC_PRECOMPILE_PREFIX_HEADER = YES;
				GCC_PREFIX_HEADER = "SRGAppVerWatcher/SRGAppVerWatcher-Prefix.pch";
				INFOPLIST_FILE = "SRGAppVerWatcher/SRGAppVerWatcher-Info.plist";
				PRODUCT_NAME = "$(TARGET_NAME)";
				WRAPPER_EXTENSION = app;
			};
			name = Release;
		};
		CC70439E19254BF800180E2E /* Debug */ = {
			isa = XCBuildConfiguration;
			baseConfigurationReference = ACA3A4AA96534DE5AD4969D7 /* Pods-SRGAppVerWatcherTests.xcconfig */;
			buildSettings = {
				BUNDLE_LOADER = "$(BUILT_PRODUCTS_DIR)/SRGAppVerWatcher.app/SRGAppVerWatcher";
				FRAMEWORK_SEARCH_PATHS = (
					"$(SDKROOT)/Developer/Library/Frameworks",
					"$(inherited)",
					"$(DEVELOPER_FRAMEWORKS_DIR)",
				);
				GCC_PRECOMPILE_PREFIX_HEADER = YES;
				GCC_PREFIX_HEADER = "SRGAppVerWatcher/SRGAppVerWatcher-Prefix.pch";
				GCC_PREPROCESSOR_DEFINITIONS = (
					"DEBUG=1",
					"$(inherited)",
				);
				INFOPLIST_FILE = "SRGAppVerWatcherTests/SRGAppVerWatcherTests-Info.plist";
				PRODUCT_NAME = "$(TARGET_NAME)";
				TEST_HOST = "$(BUNDLE_LOADER)";
				WRAPPER_EXTENSION = xctest;
			};
			name = Debug;
		};
		CC70439F19254BF800180E2E /* Release */ = {
			isa = XCBuildConfiguration;
			baseConfigurationReference = ACA3A4AA96534DE5AD4969D7 /* Pods-SRGAppVerWatcherTests.xcconfig */;
			buildSettings = {
				BUNDLE_LOADER = "$(BUILT_PRODUCTS_DIR)/SRGAppVerWatcher.app/SRGAppVerWatcher";
				FRAMEWORK_SEARCH_PATHS = (
					"$(SDKROOT)/Developer/Library/Frameworks",
					"$(inherited)",
					"$(DEVELOPER_FRAMEWORKS_DIR)",
				);
				GCC_PRECOMPILE_PREFIX_HEADER = YES;
				GCC_PREFIX_HEADER = "SRGAppVerWatcher/SRGAppVerWatcher-Prefix.pch";
				INFOPLIST_FILE = "SRGAppVerWatcherTests/SRGAppVerWatcherTests-Info.plist";
				PRODUCT_NAME = "$(TARGET_NAME)";
				TEST_HOST = "$(BUNDLE_LOADER)";
				WRAPPER_EXTENSION = xctest;
			};
			name = Release;
		};
/* End XCBuildConfiguration section */

/* Begin XCConfigurationList section */
		CC70436319254BF700180E2E /* Build configuration list for PBXProject "SRGAppVerWatcher" */ = {
			isa = XCConfigurationList;
			buildConfigurations = (
				CC70439819254BF800180E2E /* Debug */,
				CC70439919254BF800180E2E /* Release */,
			);
			defaultConfigurationIsVisible = 0;
			defaultConfigurationName = Release;
		};
		CC70439A19254BF800180E2E /* Build configuration list for PBXNativeTarget "SRGAppVerWatcher" */ = {
			isa = XCConfigurationList;
			buildConfigurations = (
				CC70439B19254BF800180E2E /* Debug */,
				CC70439C19254BF800180E2E /* Release */,
			);
			defaultConfigurationIsVisible = 0;
			defaultConfigurationName = Release;
		};
		CC70439D19254BF800180E2E /* Build configuration list for PBXNativeTarget "SRGAppVerWatcherTests" */ = {
			isa = XCConfigurationList;
			buildConfigurations = (
				CC70439E19254BF800180E2E /* Debug */,
				CC70439F19254BF800180E2E /* Release */,
			);
			defaultConfigurationIsVisible = 0;
			defaultConfigurationName = Release;
		};
/* End XCConfigurationList section */
	};
	rootObject = CC70436019254BF700180E2E /* Project object */;
}
